
Microsoft Visual Studio Solution File, Format Version 12.00
# Visual Studio Version 16
VisualStudioVersion = 16.0.30114.105
MinimumVisualStudioVersion = 10.0.40219.1
Project("{FAE04EC0-301F-11D3-BF4B-00C04F79EFBC}") = "bbl.mb.core.message.api", "bbl.mb.core.message.api\bbl.mb.core.message.api.csproj", "{B5A40FFF-CA4F-4C0E-B477-388C074C25E9}"
EndProject
Project("{FAE04EC0-301F-11D3-BF4B-00C04F79EFBC}") = "bbl.mb.core.message.test", "bbl.mb.core.message.test\bbl.mb.core.message.test.csproj", "{A50A3043-5C4D-4D66-94DF-E09175531C81}"
EndProject
Global
	GlobalSection(SolutionConfigurationPlatforms) = preSolution
		Debug|Any CPU = Debug|Any CPU
		Release|Any CPU = Release|Any CPU
	EndGlobalSection
	GlobalSection(SolutionProperties) = preSolution
		HideSolutionNode = FALSE
	EndGlobalSection
	GlobalSection(ProjectConfigurationPlatforms) = postSolution
		{B5A40FFF-CA4F-4C0E-B477-388C074C25E9}.Debug|Any CPU.ActiveCfg = Debug|Any CPU
		{B5A40FFF-CA4F-4C0E-B477-388C074C25E9}.Debug|Any CPU.Build.0 = Debug|Any CPU
		{B5A40FFF-CA4F-4C0E-B477-388C074C25E9}.Release|Any CPU.ActiveCfg = Release|Any CPU
		{B5A40FFF-CA4F-4C0E-B477-388C074C25E9}.Release|Any CPU.Build.0 = Release|Any CPU
		{A50A3043-5C4D-4D66-94DF-E09175531C81}.Debug|Any CPU.ActiveCfg = Debug|Any CPU
		{A50A3043-5C4D-4D66-94DF-E09175531C81}.Debug|Any CPU.Build.0 = Debug|Any CPU
		{A50A3043-5C4D-4D66-94DF-E09175531C81}.Release|Any CPU.ActiveCfg = Release|Any CPU
		{A50A3043-5C4D-4D66-94DF-E09175531C81}.Release|Any CPU.Build.0 = Release|Any CPU
	EndGlobalSection
EndGlobal
